// !$*UTF8*$!
{
	archiveVersion = 1;
	classes = {
	};
	objectVersion = 46;
	objects = {

/* Begin PBXBuildFile section */
		8C1169BF1D31462B00752D10 /* main.m in Sources */ = {isa = PBXBuildFile; fileRef = 8C1169BE1D31462B00752D10 /* main.m */; };
		8C1169C21D31462B00752D10 /* AppDelegate.m in Sources */ = {isa = PBXBuildFile; fileRef = 8C1169C11D31462B00752D10 /* AppDelegate.m */; };
		8C1169C51D31462B00752D10 /* ViewController.m in Sources */ = {isa = PBXBuildFile; fileRef = 8C1169C41D31462B00752D10 /* ViewController.m */; };
		8C1169C81D31462B00752D10 /* Main.storyboard in Resources */ = {isa = PBXBuildFile; fileRef = 8C1169C61D31462B00752D10 /* Main.storyboard */; };
		8C1169CA1D31462B00752D10 /* Assets.xcassets in Resources */ = {isa = PBXBuildFile; fileRef = 8C1169C91D31462B00752D10 /* Assets.xcassets */; };
		8C1169CD1D31462B00752D10 /* LaunchScreen.storyboard in Resources */ = {isa = PBXBuildFile; fileRef = 8C1169CB1D31462B00752D10 /* LaunchScreen.storyboard */; };
		8C1169D81D31462C00752D10 /* githubDemoTests.m in Sources */ = {isa = PBXBuildFile; fileRef = 8C1169D71D31462C00752D10 /* githubDemoTests.m */; };
/* End PBXBuildFile section */

/* Begin PBXContainerItemProxy section */
		8C1169D41D31462C00752D10 /* PBXContainerItemProxy */ = {
			isa = PBXContainerItemProxy;
			containerPortal = 8C1169B21D31462B00752D10 /* Project object */;
			proxyType = 1;
			remoteGlobalIDString = 8C1169B91D31462B00752D10;
			remoteInfo = githubDemo;
		};
/* End PBXContainerItemProxy section */

/* Begin PBXFileReference section */
		8C1169BA1D31462B00752D10 /* githubDemo.app */ = {isa = PBXFileReference; explicitFileType = wrapper.application; includeInIndex = 0; path = githubDemo.app; sourceTree = BUILT_PRODUCTS_DIR; };
		8C1169BE1D31462B00752D10 /* main.m */ = {isa = PBXFileReference; lastKnownFileType = sourcecode.c.objc; path = main.m; sourceTree = "<group>"; };
		8C1169C01D31462B00752D10 /* AppDelegate.h */ = {isa = PBXFileReference; lastKnownFileType = sourcecode.c.h; path = AppDelegate.h; sourceTree = "<group>"; };
		8C1169C11D31462B00752D10 /* AppDelegate.m */ = {isa = PBXFileReference; lastKnownFileType = sourcecode.c.objc; path = AppDelegate.m; sourceTree = "<group>"; };
		8C1169C31D31462B00752D10 /* ViewController.h */ = {isa = PBXFileReference; lastKnownFileType = sourcecode.c.h; path = ViewController.h; sourceTree = "<group>"; };
		8C1169C41D31462B00752D10 /* ViewController.m */ = {isa = PBXFileReference; lastKnownFileType = sourcecode.c.objc; path = ViewController.m; sourceTree = "<group>"; };
		8C1169C71D31462B00752D10 /* Base */ = {isa = PBXFileReference; lastKnownFileType = file.storyboard; name = Base; path = Base.lproj/Main.storyboard; sourceTree = "<group>"; };
		8C1169C91D31462B00752D10 /* Assets.xcassets */ = {isa = PBXFileReference; lastKnownFileType = folder.assetcatalog; path = Assets.xcassets; sourceTree = "<group>"; };
		8C1169CC1D31462B00752D10 /* Base */ = {isa = PBXFileReference; lastKnownFileType = file.storyboard; name = Base; path = Base.lproj/LaunchScreen.storyboard; sourceTree = "<group>"; };
		8C1169CE1D31462B00752D10 /* Info.plist */ = {isa = PBXFileReference; lastKnownFileType = text.plist.xml; path = Info.plist; sourceTree = "<group>"; };
		8C1169D31D31462C00752D10 /* githubDemoTests.xctest */ = {isa = PBXFileReference; explicitFileType = wrapper.cfbundle; includeInIndex = 0; path = githubDemoTests.xctest; sourceTree = BUILT_PRODUCTS_DIR; };
		8C1169D71D31462C00752D10 /* githubDemoTests.m */ = {isa = PBXFileReference; lastKnownFileType = sourcecode.c.objc; path = githubDemoTests.m; sourceTree = "<group>"; };
		8C1169D91D31462C00752D10 /* Info.plist */ = {isa = PBXFileReference; lastKnownFileType = text.plist.xml; path = Info.plist; sourceTree = "<group>"; };
/* End PBXFileReference section */

/* Begin PBXFrameworksBuildPhase section */
		8C1169B71D31462B00752D10 /* Frameworks */ = {
			isa = PBXFrameworksBuildPhase;
			buildActionMask = 2147483647;
			files = (
			);
			runOnlyForDeploymentPostprocessing = 0;
		};
		8C1169D01D31462C00752D10 /* Frameworks */ = {
			isa = PBXFrameworksBuildPhase;
			buildActionMask = 2147483647;
			files = (
			);
			runOnlyForDeploymentPostprocessing = 0;
		};
/* End PBXFrameworksBuildPhase section */

/* Begin PBXGroup section */
		8C1169B11D31462B00752D10 = {
			isa = PBXGroup;
			children = (
				8C1169BC1D31462B00752D10 /* githubDemo */,
				8C1169D61D31462C00752D10 /* githubDemoTests */,
				8C1169BB1D31462B00752D10 /* Products */,
			);
			sourceTree = "<group>";
		};
		8C1169BB1D31462B00752D10 /* Products */ = {
			isa = PBXGroup;
			children = (
				8C1169BA1D31462B00752D10 /* githubDemo.app */,
				8C1169D31D31462C00752D10 /* githubDemoTests.xctest */,
			);
			name = Products;
			sourceTree = "<group>";
		};
		8C1169BC1D31462B00752D10 /* githubDemo */ = {
			isa = PBXGroup;
			children = (
				8C1169C01D31462B00752D10 /* AppDelegate.h */,
				8C1169C11D31462B00752D10 /* AppDelegate.m */,
				8C1169C31D31462B00752D10 /* ViewController.h */,
				8C1169C41D31462B00752D10 /* ViewController.m */,
				8C1169C61D31462B00752D10 /* Main.storyboard */,
				8C1169C91D31462B00752D10 /* Assets.xcassets */,
				8C1169CB1D31462B00752D10 /* LaunchScreen.storyboard */,
				8C1169CE1D31462B00752D10 /* Info.plist */,
				8C1169BD1D31462B00752D10 /* Supporting Files */,
			);
			path = githubDemo;
			sourceTree = "<group>";
		};
		8C1169BD1D31462B00752D10 /* Supporting Files */ = {
			isa = PBXGroup;
			children = (
				8C1169BE1D31462B00752D10 /* main.m */,
			);
			name = "Supporting Files";
			sourceTree = "<group>";
		};
		8C1169D61D31462C00752D10 /* githubDemoTests */ = {
			isa = PBXGroup;
			children = (
				8C1169D71D31462C00752D10 /* githubDemoTests.m */,
				8C1169D91D31462C00752D10 /* Info.plist */,
			);
			path = githubDemoTests;
			sourceTree = "<group>";
		};
/* End PBXGroup section */

/* Begin PBXNativeTarget section */
		8C1169B91D31462B00752D10 /* githubDemo */ = {
			isa = PBXNativeTarget;
			buildConfigurationList = 8C1169DC1D31462C00752D10 /* Build configuration list for PBXNativeTarget "githubDemo" */;
			buildPhases = (
				8C1169B61D31462B00752D10 /* Sources */,
				8C1169B71D31462B00752D10 /* Frameworks */,
				8C1169B81D31462B00752D10 /* Resources */,
			);
			buildRules = (
			);
			dependencies = (
			);
			name = githubDemo;
			productName = githubDemo;
			productReference = 8C1169BA1D31462B00752D10 /* githubDemo.app */;
			productType = "com.apple.product-type.application";
		};
		8C1169D21D31462C00752D10 /* githubDemoTests */ = {
			isa = PBXNativeTarget;
			buildConfigurationList = 8C1169DF1D31462C00752D10 /* Build configuration list for PBXNativeTarget "githubDemoTests" */;
			buildPhases = (
				8C1169CF1D31462C00752D10 /* Sources */,
				8C1169D01D31462C00752D10 /* Frameworks */,
				8C1169D11D31462C00752D10 /* Resources */,
			);
			buildRules = (
			);
			dependencies = (
				8C1169D51D31462C00752D10 /* PBXTargetDependency */,
			);
			name = githubDemoTests;
			productName = githubDemoTests;
			productReference = 8C1169D31D31462C00752D10 /* githubDemoTests.xctest */;
			productType = "com.apple.product-type.bundle.unit-test";
		};
/* End PBXNativeTarget section */

/* Begin PBXProject section */
		8C1169B21D31462B00752D10 /* Project object */ = {
			isa = PBXProject;
			attributes = {
				LastUpgradeCheck = 0730;
				ORGANIZATIONNAME = AsiaInfo;
				TargetAttributes = {
					8C1169B91D31462B00752D10 = {
						CreatedOnToolsVersion = 7.3.1;
						DevelopmentTeam = SJFH7WE6F4;
					};
					8C1169D21D31462C00752D10 = {
						CreatedOnToolsVersion = 7.3.1;
						DevelopmentTeam = SJFH7WE6F4;
						TestTargetID = 8C1169B91D31462B00752D10;
					};
				};
			};
			buildConfigurationList = 8C1169B51D31462B00752D10 /* Build configuration list for PBXProject "githubDemo" */;
			compatibilityVersion = "Xcode 3.2";
			developmentRegion = English;
			hasScannedForEncodings = 0;
			knownRegions = (
				en,
				Base,
			);
			mainGroup = 8C1169B11D31462B00752D10;
			productRefGroup = 8C1169BB1D31462B00752D10 /* Products */;
			projectDirPath = "";
			projectRoot = "";
			targets = (
				8C1169B91D31462B00752D10 /* githubDemo */,
				8C1169D21D31462C00752D10 /* githubDemoTests */,
			);
		};
/* End PBXProject section */

/* Begin PBXResourcesBuildPhase section */
		8C1169B81D31462B00752D10 /* Resources */ = {
			isa = PBXResourcesBuildPhase;
			buildActionMask = 2147483647;
			files = (
				8C1169CD1D31462B00752D10 /* LaunchScreen.storyboard in Resources */,
				8C1169CA1D31462B00752D10 /* Assets.xcassets in Resources */,
				8C1169C81D31462B00752D10 /* Main.storyboard in Resources */,
			);
			runOnlyForDeploymentPostprocessing = 0;
		};
		8C1169D11D31462C00752D10 /* Resources */ = {
			isa = PBXResourcesBuildPhase;
			buildActionMask = 2147483647;
			files = (
			);
			runOnlyForDeploymentPostprocessing = 0;
		};
/* End PBXResourcesBuildPhase section */

/* Begin PBXSourcesBuildPhase section */
		8C1169B61D31462B00752D10 /* Sources */ = {
			isa = PBXSourcesBuildPhase;
			buildActionMask = 2147483647;
			files = (
				8C1169C51D31462B00752D10 /* ViewController.m in Sources */,
				8C1169C21D31462B00752D10 /* AppDelegate.m in Sources */,
				8C1169BF1D31462B00752D10 /* main.m in Sources */,
			);
			runOnlyForDeploymentPostprocessing = 0;
		};
		8C1169CF1D31462C00752D10 /* Sources */ = {
			isa = PBXSourcesBuildPhase;
			buildActionMask = 2147483647;
			files = (
				8C1169D81D31462C00752D10 /* githubDemoTests.m in Sources */,
			);
			runOnlyForDeploymentPostprocessing = 0;
		};
/* End PBXSourcesBuildPhase section */

/* Begin PBXTargetDependency section */
		8C1169D51D31462C00752D10 /* PBXTargetDependency */ = {
			isa = PBXTargetDependency;
			target = 8C1169B91D31462B00752D10 /* githubDemo */;
			targetProxy = 8C1169D41D31462C00752D10 /* PBXContainerItemProxy */;
		};
/* End PBXTargetDependency section */

/* Begin PBXVariantGroup section */
		8C1169C61D31462B00752D10 /* Main.storyboard */ = {
			isa = PBXVariantGroup;
			children = (
				8C1169C71D31462B00752D10 /* Base */,
			);
			name = Main.storyboard;
			sourceTree = "<group>";
		};
		8C1169CB1D31462B00752D10 /* LaunchScreen.storyboard */ = {
			isa = PBXVariantGroup;
			children = (
				8C1169CC1D31462B00752D10 /* Base */,
			);
			name = LaunchScreen.storyboard;
			sourceTree = "<group>";
		};
/* End PBXVariantGroup section */

/* Begin XCBuildConfiguration section */
		8C1169DA1D31462C00752D10 /* Debug */ = {
			isa = XCBuildConfiguration;
			buildSettings = {
				ALWAYS_SEARCH_USER_PATHS = NO;
				CLANG_ANALYZER_NONNULL = YES;
				CLANG_CXX_LANGUAGE_STANDARD = "gnu++0x";
				CLANG_CXX_LIBRARY = "libc++";
				CLANG_ENABLE_MODULES = YES;
				CLANG_ENABLE_OBJC_ARC = YES;
				CLANG_WARN_BOOL_CONVERSION = YES;
				CLANG_WARN_CONSTANT_CONVERSION = YES;
				CLANG_WARN_DIRECT_OBJC_ISA_USAGE = YES_ERROR;
				CLANG_WARN_EMPTY_BODY = YES;
				CLANG_WARN_ENUM_CONVERSION = YES;
				CLANG_WARN_INT_CONVERSION = YES;
				CLANG_WARN_OBJC_ROOT_CLASS = YES_ERROR;
				CLANG_WARN_UNREACHABLE_CODE = YES;
				CLANG_WARN__DUPLICATE_METHOD_MATCH = YES;
				"CODE_SIGN_IDENTITY[sdk=iphoneos*]" = "iPhone Developer";
				COPY_PHASE_STRIP = NO;
				DEBUG_INFORMATION_FORMAT = dwarf;
				ENABLE_STRICT_OBJC_MSGSEND = YES;
				ENABLE_TESTABILITY = YES;
				GCC_C_LANGUAGE_STANDARD = gnu99;
				GCC_DYNAMIC_NO_PIC = NO;
				GCC_NO_COMMON_BLOCKS = YES;
				GCC_OPTIMIZATION_LEVEL = 0;
				GCC_PREPROCESSOR_DEFINITIONS = (
					"DEBUG=1",
					"$(inherited)",
				);
				GCC_WARN_64_TO_32_BIT_CONVERSION = YES;
				GCC_WARN_ABOUT_RETURN_TYPE = YES_ERROR;
				GCC_WARN_UNDECLARED_SELECTOR = YES;
				GCC_WARN_UNINITIALIZED_AUTOS = YES_AGGRESSIVE;
				GCC_WARN_UNUSED_FUNCTION = YES;
				GCC_WARN_UNUSED_VARIABLE = YES;
				IPHONEOS_DEPLOYMENT_TARGET = 9.3;
				MTL_ENABLE_DEBUG_INFO = YES;
				ONLY_ACTIVE_ARCH = YES;
				SDKROOT = iphoneos;
			};
			name = Debug;
		};
		8C1169DB1D31462C00752D10 /* Release */ = {
			isa = XCBuildConfiguration;
			buildSettings = {
				ALWAYS_SEARCH_USER_PATHS = NO;
				CLANG_ANALYZER_NONNULL = YES;
				CLANG_CXX_LANGUAGE_STANDARD = "gnu++0x";
				CLANG_CXX_LIBRARY = "libc++";
				CLANG_ENABLE_MODULES = YES;
				CLANG_ENABLE_OBJC_ARC = YES;
				CLANG_WARN_BOOL_CONVERSION = YES;
				CLANG_WARN_CONSTANT_CONVERSION = YES;
				CLANG_WARN_DIRECT_OBJC_ISA_USAGE = YES_ERROR;
				CLANG_WARN_EMPTY_BODY = YES;
				CLANG_WARN_ENUM_CONVERSION = YES;
				CLANG_WARN_INT_CONVERSION = YES;
				CLANG_WARN_OBJC_ROOT_CLASS = YES_ERROR;
				CLANG_WARN_UNREACHABLE_CODE = YES;
				CLANG_WARN__DUPLICATE_METHOD_MATCH = YES;
				"CODE_SIGN_IDENTITY[sdk=iphoneos*]" = "iPhone Developer";
				COPY_PHASE_STRIP = NO;
				DEBUG_INFORMATION_FORMAT = "dwarf-with-dsym";
				ENABLE_NS_ASSERTIONS = NO;
				ENABLE_STRICT_OBJC_MSGSEND = YES;
				GCC_C_LANGUAGE_STANDARD = gnu99;
				GCC_NO_COMMON_BLOCKS = YES;
				GCC_WARN_64_TO_32_BIT_CONVERSION = YES;
				GCC_WARN_ABOUT_RETURN_TYPE = YES_ERROR;
				GCC_WARN_UNDECLARED_SELECTOR = YES;
				GCC_WARN_UNINITIALIZED_AUTOS = YES_AGGRESSIVE;
				GCC_WARN_UNUSED_FUNCTION = YES;
				GCC_WARN_UNUSED_VARIABLE = YES;
				IPHONEOS_DEPLOYMENT_TARGET = 9.3;
				MTL_ENABLE_DEBUG_INFO = NO;
				SDKROOT = iphoneos;
				VALIDATE_PRODUCT = YES;
			};
			name = Release;
		};
		8C1169DD1D31462C00752D10 /* Debug */ = {
			isa = XCBuildConfiguration;
			buildSettings = {
				ASSETCATALOG_COMPILER_APPICON_NAME = AppIcon;
				INFOPLIST_FILE = githubDemo/Info.plist;
				LD_RUNPATH_SEARCH_PATHS = "$(inherited) @executable_path/Frameworks";
				PRODUCT_BUNDLE_IDENTIFIER = com.asiainfo.githubDemo;
				PRODUCT_NAME = "$(TARGET_NAME)";
			};
			name = Debug;
		};
		8C1169DE1D31462C00752D10 /* Release */ = {
			isa = XCBuildConfiguration;
			buildSettings = {
				ASSETCATALOG_COMPILER_APPICON_NAME = AppIcon;
				INFOPLIST_FILE = githubDemo/Info.plist;
				LD_RUNPATH_SEARCH_PATHS = "$(inherited) @executable_path/Frameworks";
				PRODUCT_BUNDLE_IDENTIFIER = com.asiainfo.githubDemo;
				PRODUCT_NAME = "$(TARGET_NAME)";
			};
			name = Release;
		};
		8C1169E01D31462C00752D10 /* Debug */ = {
			isa = XCBuildConfiguration;
			buildSettings = {
				BUNDLE_LOADER = "$(TEST_HOST)";
				INFOPLIST_FILE = githubDemoTests/Info.plist;
				LD_RUNPATH_SEARCH_PATHS = "$(inherited) @executable_path/Frameworks @loader_path/Frameworks";
				PRODUCT_BUNDLE_IDENTIFIER = com.asiainfo.githubDemoTests;
				PRODUCT_NAME = "$(TARGET_NAME)";
				TEST_HOST = "$(BUILT_PRODUCTS_DIR)/githubDemo.app/githubDemo";
			};
			name = Debug;
		};
		8C1169E11D31462C00752D10 /* Release */ = {
			isa = XCBuildConfiguration;
			buildSettings = {
				BUNDLE_LOADER = "$(TEST_HOST)";
				INFOPLIST_FILE = githubDemoTests/Info.plist;
				LD_RUNPATH_SEARCH_PATHS = "$(inherited) @executable_path/Frameworks @loader_path/Frameworks";
				PRODUCT_BUNDLE_IDENTIFIER = com.asiainfo.githubDemoTests;
				PRODUCT_NAME = "$(TARGET_NAME)";
				TEST_HOST = "$(BUILT_PRODUCTS_DIR)/githubDemo.app/githubDemo";
			};
			name = Release;
		};
/* End XCBuildConfiguration section */

/* Begin XCConfigurationList section */
		8C1169B51D31462B00752D10 /* Build configuration list for PBXProject "githubDemo" */ = {
			isa = XCConfigurationList;
			buildConfigurations = (
				8C1169DA1D31462C00752D10 /* Debug */,
				8C1169DB1D31462C00752D10 /* Release */,
			);
			defaultConfigurationIsVisible = 0;
			defaultConfigurationName = Release;
		};
		8C1169DC1D31462C00752D10 /* Build configuration list for PBXNativeTarget "githubDemo" */ = {
			isa = XCConfigurationList;
			buildConfigurations = (
				8C1169DD1D31462C00752D10 /* Debug */,
				8C1169DE1D31462C00752D10 /* Release */,
			);
			defaultConfigurationIsVisible = 0;
		};
		8C1169DF1D31462C00752D10 /* Build configuration list for PBXNativeTarget "githubDemoTests" */ = {
			isa = XCConfigurationList;
			buildConfigurations = (
				8C1169E01D31462C00752D10 /* Debug */,
				8C1169E11D31462C00752D10 /* Release */,
			);
			defaultConfigurationIsVisible = 0;
		};
/* End XCConfigurationList section */
	};
	rootObject = 8C1169B21D31462B00752D10 /* Project object */;
}
